{
  "name": "GEOtab",
  "lockfileVersion": 3,
  "requires": true,
  "packages": {
    "": {
      "dependencies": {
        "mg-api-js": "^3.0.0"
      }
    },
    "node_modules/mg-api-js": {
      "version": "3.0.0",
      "resolved": "https://registry.npmjs.org/mg-api-js/-/mg-api-js-3.0.0.tgz",
      "integrity": "sha512-+xM+qP1VqoFhucM3zsCR6tkiNajtut7Ad2OG2MmKRC+N8K1cATspDxY2pTJ9N8u0MBVVh59eEkoxnZsTf7FnuA==",
      "license": "MIT",
      "engines": {
        "node": ">= 16.0.0"
      }
    }
  }
}
